
Microsoft Visual Studio Solution File, Format Version 12.00
# Visual Studio Version 17
VisualStudioVersion = 17.13.35919.96
MinimumVisualStudioVersion = 10.0.40219.1
Project("{2150E333-8FDC-42A3-9474-1A3956D46DE8}") = "RpgGame", "RpgGame", "{02EA681E-C7D8-13C7-8484-4AC65E1B71E8}"
	ProjectSection(SolutionItems) = preProject
		.gitignore = .gitignore
		Readme.md = Readme.md
		Readme_old.md = Readme_old.md
	EndProjectSection
EndProject
Project("{2150E333-8FDC-42A3-9474-1A3956D46DE8}") = "src", "src", "{EF65BC7C-2E44-44B5-9153-F02D99C25AC3}"
EndProject
Project("{FAE04EC0-301F-11D3-BF4B-00C04F79EFBC}") = "RpgGame.Domain", "src\RpgGame.Domain\RpgGame.Domain.csproj", "{40350446-93BB-0270-69C0-169A9EF08ACC}"
EndProject
Project("{FAE04EC0-301F-11D3-BF4B-00C04F79EFBC}") = "RpgGame.Application", "src\RpgGame.Application\RpgGame.Application.csproj", "{7A3B5106-5D33-4B96-A3EF-8474B9697893}"
EndProject
Project("{FAE04EC0-301F-11D3-BF4B-00C04F79EFBC}") = "RpgGame.Infrastructure", "src\RpgGame.Infrastructure\RpgGame.Infrastructure.csproj", "{E41AB344-5DD7-47DA-8958-0DC64D2401E7}"
EndProject
Project("{FAE04EC0-301F-11D3-BF4B-00C04F79EFBC}") = "RpgGame.Presentation", "src\RpgGame.Presentation\RpgGame.Presentation.csproj", "{691E1FF3-A988-4B35-A31B-7126279CAEA7}"
EndProject
Project("{FAE04EC0-301F-11D3-BF4B-00C04F79EFBC}") = "RpgGame.WebApi", "src\RpgGame.WebApi\RpgGame.WebApi.csproj", "{D02704ED-D4E8-4FB2-8FA2-F6914D1F008F}"
EndProject
Project("{2150E333-8FDC-42A3-9474-1A3956D46DE8}") = "tests", "tests", "{E83A12F8-51E2-4805-88AF-6D93B43FCB21}"
EndProject
Project("{FAE04EC0-301F-11D3-BF4B-00C04F79EFBC}") = "RpgGame.UnitTests", "tests\RpgGame.UnitTests\RpgGame.UnitTests.csproj", "{724B1880-A986-46D2-B62B-656C1644AB16}"
EndProject
Project("{FAE04EC0-301F-11D3-BF4B-00C04F79EFBC}") = "RpgGame.IntegrationTests", "tests\RpgGame.IntegrationTests\RpgGame.IntegrationTests.csproj", "{EEE317DB-F45F-4567-A0C8-B4E032266B97}"
EndProject
Project("{2150E333-8FDC-42A3-9474-1A3956D46DE8}") = "Solution Items", "Solution Items", "{8EC462FD-D22E-90A8-E5CE-7E832BA40C5D}"
	ProjectSection(SolutionItems) = preProject
		Untitled1.ps1 = Untitled1.ps1
	EndProjectSection
EndProject
Global
	GlobalSection(SolutionConfigurationPlatforms) = preSolution
		Debug|Any CPU = Debug|Any CPU
		Release|Any CPU = Release|Any CPU
	EndGlobalSection
	GlobalSection(ProjectConfigurationPlatforms) = postSolution
		{40350446-93BB-0270-69C0-169A9EF08ACC}.Debug|Any CPU.ActiveCfg = Debug|Any CPU
		{40350446-93BB-0270-69C0-169A9EF08ACC}.Debug|Any CPU.Build.0 = Debug|Any CPU
		{40350446-93BB-0270-69C0-169A9EF08ACC}.Release|Any CPU.ActiveCfg = Release|Any CPU
		{40350446-93BB-0270-69C0-169A9EF08ACC}.Release|Any CPU.Build.0 = Release|Any CPU
		{7A3B5106-5D33-4B96-A3EF-8474B9697893}.Debug|Any CPU.ActiveCfg = Debug|Any CPU
		{7A3B5106-5D33-4B96-A3EF-8474B9697893}.Debug|Any CPU.Build.0 = Debug|Any CPU
		{7A3B5106-5D33-4B96-A3EF-8474B9697893}.Release|Any CPU.ActiveCfg = Release|Any CPU
		{7A3B5106-5D33-4B96-A3EF-8474B9697893}.Release|Any CPU.Build.0 = Release|Any CPU
		{E41AB344-5DD7-47DA-8958-0DC64D2401E7}.Debug|Any CPU.ActiveCfg = Debug|Any CPU
		{E41AB344-5DD7-47DA-8958-0DC64D2401E7}.Debug|Any CPU.Build.0 = Debug|Any CPU
		{E41AB344-5DD7-47DA-8958-0DC64D2401E7}.Release|Any CPU.ActiveCfg = Release|Any CPU
		{E41AB344-5DD7-47DA-8958-0DC64D2401E7}.Release|Any CPU.Build.0 = Release|Any CPU
		{691E1FF3-A988-4B35-A31B-7126279CAEA7}.Debug|Any CPU.ActiveCfg = Debug|Any CPU
		{691E1FF3-A988-4B35-A31B-7126279CAEA7}.Debug|Any CPU.Build.0 = Debug|Any CPU
		{691E1FF3-A988-4B35-A31B-7126279CAEA7}.Release|Any CPU.ActiveCfg = Release|Any CPU
		{691E1FF3-A988-4B35-A31B-7126279CAEA7}.Release|Any CPU.Build.0 = Release|Any CPU
		{D02704ED-D4E8-4FB2-8FA2-F6914D1F008F}.Debug|Any CPU.ActiveCfg = Debug|Any CPU
		{D02704ED-D4E8-4FB2-8FA2-F6914D1F008F}.Debug|Any CPU.Build.0 = Debug|Any CPU
		{D02704ED-D4E8-4FB2-8FA2-F6914D1F008F}.Release|Any CPU.ActiveCfg = Release|Any CPU
		{D02704ED-D4E8-4FB2-8FA2-F6914D1F008F}.Release|Any CPU.Build.0 = Release|Any CPU
		{724B1880-A986-46D2-B62B-656C1644AB16}.Debug|Any CPU.ActiveCfg = Debug|Any CPU
		{724B1880-A986-46D2-B62B-656C1644AB16}.Debug|Any CPU.Build.0 = Debug|Any CPU
		{724B1880-A986-46D2-B62B-656C1644AB16}.Release|Any CPU.ActiveCfg = Release|Any CPU
		{724B1880-A986-46D2-B62B-656C1644AB16}.Release|Any CPU.Build.0 = Release|Any CPU
		{EEE317DB-F45F-4567-A0C8-B4E032266B97}.Debug|Any CPU.ActiveCfg = Debug|Any CPU
		{EEE317DB-F45F-4567-A0C8-B4E032266B97}.Debug|Any CPU.Build.0 = Debug|Any CPU
		{EEE317DB-F45F-4567-A0C8-B4E032266B97}.Release|Any CPU.ActiveCfg = Release|Any CPU
		{EEE317DB-F45F-4567-A0C8-B4E032266B97}.Release|Any CPU.Build.0 = Release|Any CPU
	EndGlobalSection
	GlobalSection(SolutionProperties) = preSolution
		HideSolutionNode = FALSE
	EndGlobalSection
	GlobalSection(NestedProjects) = preSolution
		{EF65BC7C-2E44-44B5-9153-F02D99C25AC3} = {02EA681E-C7D8-13C7-8484-4AC65E1B71E8}
		{40350446-93BB-0270-69C0-169A9EF08ACC} = {EF65BC7C-2E44-44B5-9153-F02D99C25AC3}
		{7A3B5106-5D33-4B96-A3EF-8474B9697893} = {EF65BC7C-2E44-44B5-9153-F02D99C25AC3}
		{E41AB344-5DD7-47DA-8958-0DC64D2401E7} = {EF65BC7C-2E44-44B5-9153-F02D99C25AC3}
		{691E1FF3-A988-4B35-A31B-7126279CAEA7} = {EF65BC7C-2E44-44B5-9153-F02D99C25AC3}
		{D02704ED-D4E8-4FB2-8FA2-F6914D1F008F} = {EF65BC7C-2E44-44B5-9153-F02D99C25AC3}
		{E83A12F8-51E2-4805-88AF-6D93B43FCB21} = {02EA681E-C7D8-13C7-8484-4AC65E1B71E8}
		{724B1880-A986-46D2-B62B-656C1644AB16} = {E83A12F8-51E2-4805-88AF-6D93B43FCB21}
		{EEE317DB-F45F-4567-A0C8-B4E032266B97} = {E83A12F8-51E2-4805-88AF-6D93B43FCB21}
	EndGlobalSection
	GlobalSection(ExtensibilityGlobals) = postSolution
		SolutionGuid = {3600DEBB-E273-4BB5-B4FA-0CC2D963A987}
	EndGlobalSection
EndGlobal
